
Microsoft Visual Studio Solution File, Format Version 12.00
Project("{FAE04EC0-301F-11D3-BF4B-00C04F79EFBC}") = "Sec.Edgar", "Sec.Edgar\Sec.Edgar.csproj", "{C9153196-26FD-4571-87D7-713610FEE6C1}"
EndProject
Project("{FAE04EC0-301F-11D3-BF4B-00C04F79EFBC}") = "Sec.Edgar.Tests", "Sec.Edgar.Tests\Sec.Edgar.Tests.csproj", "{3FCE271A-822F-4992-AFD0-44B7419E3ABE}"
EndProject
Global
	GlobalSection(SolutionConfigurationPlatforms) = preSolution
		Debug|Any CPU = Debug|Any CPU
		Release|Any CPU = Release|Any CPU
	EndGlobalSection
	GlobalSection(ProjectConfigurationPlatforms) = postSolution
		{C9153196-26FD-4571-87D7-713610FEE6C1}.Debug|Any CPU.ActiveCfg = Debug|Any CPU
		{C9153196-26FD-4571-87D7-713610FEE6C1}.Debug|Any CPU.Build.0 = Debug|Any CPU
		{C9153196-26FD-4571-87D7-713610FEE6C1}.Release|Any CPU.ActiveCfg = Release|Any CPU
		{C9153196-26FD-4571-87D7-713610FEE6C1}.Release|Any CPU.Build.0 = Release|Any CPU
		{3FCE271A-822F-4992-AFD0-44B7419E3ABE}.Debug|Any CPU.ActiveCfg = Debug|Any CPU
		{3FCE271A-822F-4992-AFD0-44B7419E3ABE}.Debug|Any CPU.Build.0 = Debug|Any CPU
		{3FCE271A-822F-4992-AFD0-44B7419E3ABE}.Release|Any CPU.ActiveCfg = Release|Any CPU
		{3FCE271A-822F-4992-AFD0-44B7419E3ABE}.Release|Any CPU.Build.0 = Release|Any CPU
	EndGlobalSection
EndGlobal
